
Microsoft Visual Studio Solution File, Format Version 10.00
# Visual C++ Express 2008
Project("{8BC9CEB8-8B4A-11D0-8D11-00A0C91BC942}") = "sql", "sql.vcproj", "{713B1C7D-836C-4BC7-8B9D-AE66A8AEA621}"
EndProject
Project("{8BC9CEB8-8B4A-11D0-8D11-00A0C91BC942}") = "py.sql", "..\exports\py.sql\py.sql.vcproj", "{F96EABD8-FF64-4B03-AE33-FAB7D5EB7700}"
	ProjectSection(ProjectDependencies) = postProject
		{713B1C7D-836C-4BC7-8B9D-AE66A8AEA621} = {713B1C7D-836C-4BC7-8B9D-AE66A8AEA621}
	EndProjectSection
EndProject
Global
	GlobalSection(SolutionConfigurationPlatforms) = preSolution
		dbg|Win32 = dbg|Win32
		Debug|Win32 = Debug|Win32
		opt|Win32 = opt|Win32
		Release|Win32 = Release|Win32
	EndGlobalSection
	GlobalSection(ProjectConfigurationPlatforms) = postSolution
		{713B1C7D-836C-4BC7-8B9D-AE66A8AEA621}.dbg|Win32.ActiveCfg = dbg|Win32
		{713B1C7D-836C-4BC7-8B9D-AE66A8AEA621}.dbg|Win32.Build.0 = dbg|Win32
		{713B1C7D-836C-4BC7-8B9D-AE66A8AEA621}.Debug|Win32.ActiveCfg = dbg|Win32
		{713B1C7D-836C-4BC7-8B9D-AE66A8AEA621}.Debug|Win32.Build.0 = dbg|Win32
		{713B1C7D-836C-4BC7-8B9D-AE66A8AEA621}.opt|Win32.ActiveCfg = opt|Win32
		{713B1C7D-836C-4BC7-8B9D-AE66A8AEA621}.opt|Win32.Build.0 = opt|Win32
		{713B1C7D-836C-4BC7-8B9D-AE66A8AEA621}.Release|Win32.ActiveCfg = opt|Win32
		{713B1C7D-836C-4BC7-8B9D-AE66A8AEA621}.Release|Win32.Build.0 = opt|Win32
		{F96EABD8-FF64-4B03-AE33-FAB7D5EB7700}.dbg|Win32.ActiveCfg = dbg|Win32
		{F96EABD8-FF64-4B03-AE33-FAB7D5EB7700}.dbg|Win32.Build.0 = dbg|Win32
		{F96EABD8-FF64-4B03-AE33-FAB7D5EB7700}.Debug|Win32.ActiveCfg = dbg|Win32
		{F96EABD8-FF64-4B03-AE33-FAB7D5EB7700}.Debug|Win32.Build.0 = dbg|Win32
		{F96EABD8-FF64-4B03-AE33-FAB7D5EB7700}.opt|Win32.ActiveCfg = opt|Win32
		{F96EABD8-FF64-4B03-AE33-FAB7D5EB7700}.opt|Win32.Build.0 = opt|Win32
		{F96EABD8-FF64-4B03-AE33-FAB7D5EB7700}.Release|Win32.ActiveCfg = opt|Win32
		{F96EABD8-FF64-4B03-AE33-FAB7D5EB7700}.Release|Win32.Build.0 = opt|Win32
	EndGlobalSection
	GlobalSection(SolutionProperties) = preSolution
		HideSolutionNode = FALSE
	EndGlobalSection
EndGlobal
